
Microsoft Visual Studio Solution File, Format Version 12.00
# Visual Studio Version 17
VisualStudioVersion = 17.3.32922.545
MinimumVisualStudioVersion = 10.0.40219.1
Project("{FAE04EC0-301F-11D3-BF4B-00C04F79EFBC}") = "HR-Employess-Repo", "HR-Employess-Repo\HR-Employess-Repo.csproj", "{CD79C0B4-7953-493B-AEE2-0383DA290BB8}"
EndProject
Project("{FAE04EC0-301F-11D3-BF4B-00C04F79EFBC}") = "HR-Employees-Api", "HR-Employees-Api\HR-Employees-Api.csproj", "{9FAB83D8-C289-4456-85B3-CCC733AF6EDA}"
EndProject
Project("{FAE04EC0-301F-11D3-BF4B-00C04F79EFBC}") = "HR-Employess-DataAccess", "HR-Employess-DataAccess\HR-Employess-DataAccess.csproj", "{63DC75BE-4D15-4782-AF7C-BA4EBA1E871B}"
EndProject
Project("{FAE04EC0-301F-11D3-BF4B-00C04F79EFBC}") = "HR-Employess-Dtos", "HR-Employess-Helper\HR-Employess-Dtos.csproj", "{C2025E57-0DA4-4821-BB5B-0AEFB13618E1}"
EndProject
Project("{FAE04EC0-301F-11D3-BF4B-00C04F79EFBC}") = "HR-Employess-DataService", "HR-Employess-DataService\HR-Employess-DataService.csproj", "{17580824-2832-4D48-94DD-15F8146BB353}"
EndProject
Global
	GlobalSection(SolutionConfigurationPlatforms) = preSolution
		Debug|Any CPU = Debug|Any CPU
		Release|Any CPU = Release|Any CPU
	EndGlobalSection
	GlobalSection(ProjectConfigurationPlatforms) = postSolution
		{CD79C0B4-7953-493B-AEE2-0383DA290BB8}.Debug|Any CPU.ActiveCfg = Debug|Any CPU
		{CD79C0B4-7953-493B-AEE2-0383DA290BB8}.Debug|Any CPU.Build.0 = Debug|Any CPU
		{CD79C0B4-7953-493B-AEE2-0383DA290BB8}.Release|Any CPU.ActiveCfg = Release|Any CPU
		{CD79C0B4-7953-493B-AEE2-0383DA290BB8}.Release|Any CPU.Build.0 = Release|Any CPU
		{9FAB83D8-C289-4456-85B3-CCC733AF6EDA}.Debug|Any CPU.ActiveCfg = Debug|Any CPU
		{9FAB83D8-C289-4456-85B3-CCC733AF6EDA}.Debug|Any CPU.Build.0 = Debug|Any CPU
		{9FAB83D8-C289-4456-85B3-CCC733AF6EDA}.Release|Any CPU.ActiveCfg = Release|Any CPU
		{9FAB83D8-C289-4456-85B3-CCC733AF6EDA}.Release|Any CPU.Build.0 = Release|Any CPU
		{63DC75BE-4D15-4782-AF7C-BA4EBA1E871B}.Debug|Any CPU.ActiveCfg = Debug|Any CPU
		{63DC75BE-4D15-4782-AF7C-BA4EBA1E871B}.Debug|Any CPU.Build.0 = Debug|Any CPU
		{63DC75BE-4D15-4782-AF7C-BA4EBA1E871B}.Release|Any CPU.ActiveCfg = Release|Any CPU
		{63DC75BE-4D15-4782-AF7C-BA4EBA1E871B}.Release|Any CPU.Build.0 = Release|Any CPU
		{C2025E57-0DA4-4821-BB5B-0AEFB13618E1}.Debug|Any CPU.ActiveCfg = Debug|Any CPU
		{C2025E57-0DA4-4821-BB5B-0AEFB13618E1}.Debug|Any CPU.Build.0 = Debug|Any CPU
		{C2025E57-0DA4-4821-BB5B-0AEFB13618E1}.Release|Any CPU.ActiveCfg = Release|Any CPU
		{C2025E57-0DA4-4821-BB5B-0AEFB13618E1}.Release|Any CPU.Build.0 = Release|Any CPU
		{17580824-2832-4D48-94DD-15F8146BB353}.Debug|Any CPU.ActiveCfg = Debug|Any CPU
		{17580824-2832-4D48-94DD-15F8146BB353}.Debug|Any CPU.Build.0 = Debug|Any CPU
		{17580824-2832-4D48-94DD-15F8146BB353}.Release|Any CPU.ActiveCfg = Release|Any CPU
		{17580824-2832-4D48-94DD-15F8146BB353}.Release|Any CPU.Build.0 = Release|Any CPU
	EndGlobalSection
	GlobalSection(SolutionProperties) = preSolution
		HideSolutionNode = FALSE
	EndGlobalSection
	GlobalSection(ExtensibilityGlobals) = postSolution
		SolutionGuid = {76E345F5-E1A3-42C1-B06C-73B9572CF049}
	EndGlobalSection
EndGlobal
